
Microsoft Visual Studio Solution File, Format Version 12.00
# Visual Studio 15
VisualStudioVersion = 15.0.28307.271
MinimumVisualStudioVersion = 10.0.40219.1
Project("{FAE04EC0-301F-11D3-BF4B-00C04F79EFBC}") = "EXEsTour.WebApi", "EXEsTour\EXEsTour.WebApi.csproj", "{470F5915-BF18-4ABC-A575-B64C2F5EA5BB}"
EndProject
Project("{FAE04EC0-301F-11D3-BF4B-00C04F79EFBC}") = "EXEsTour.Domain", "EXEsTour.Domain\EXEsTour.Domain.csproj", "{A4FF99BC-7EAD-4EB9-9272-B7C86F3F71AA}"
EndProject
Project("{FAE04EC0-301F-11D3-BF4B-00C04F79EFBC}") = "EXEsTour.Bussines", "EXEsTour.Bussines\EXEsTour.Bussines.csproj", "{3EF91083-01E1-4B09-8DA9-3F6C6A1BAA52}"
EndProject
Project("{FAE04EC0-301F-11D3-BF4B-00C04F79EFBC}") = "EXEsTour.Shared", "EXEsTour.Shared\EXEsTour.Shared.csproj", "{36204D79-91B5-49A0-9D19-DA6D61FC6F94}"
EndProject
Project("{FAE04EC0-301F-11D3-BF4B-00C04F79EFBC}") = "EXEsTour.Tests", "EXEsTour.Tests\EXEsTour.Tests.csproj", "{9A33E517-0DF9-4D07-908B-30422759F9F0}"
EndProject
Global
	GlobalSection(SolutionConfigurationPlatforms) = preSolution
		Debug|Any CPU = Debug|Any CPU
		Release|Any CPU = Release|Any CPU
	EndGlobalSection
	GlobalSection(ProjectConfigurationPlatforms) = postSolution
		{470F5915-BF18-4ABC-A575-B64C2F5EA5BB}.Debug|Any CPU.ActiveCfg = Debug|Any CPU
		{470F5915-BF18-4ABC-A575-B64C2F5EA5BB}.Debug|Any CPU.Build.0 = Debug|Any CPU
		{470F5915-BF18-4ABC-A575-B64C2F5EA5BB}.Release|Any CPU.ActiveCfg = Release|Any CPU
		{470F5915-BF18-4ABC-A575-B64C2F5EA5BB}.Release|Any CPU.Build.0 = Release|Any CPU
		{A4FF99BC-7EAD-4EB9-9272-B7C86F3F71AA}.Debug|Any CPU.ActiveCfg = Debug|Any CPU
		{A4FF99BC-7EAD-4EB9-9272-B7C86F3F71AA}.Debug|Any CPU.Build.0 = Debug|Any CPU
		{A4FF99BC-7EAD-4EB9-9272-B7C86F3F71AA}.Release|Any CPU.ActiveCfg = Release|Any CPU
		{A4FF99BC-7EAD-4EB9-9272-B7C86F3F71AA}.Release|Any CPU.Build.0 = Release|Any CPU
		{3EF91083-01E1-4B09-8DA9-3F6C6A1BAA52}.Debug|Any CPU.ActiveCfg = Debug|Any CPU
		{3EF91083-01E1-4B09-8DA9-3F6C6A1BAA52}.Debug|Any CPU.Build.0 = Debug|Any CPU
		{3EF91083-01E1-4B09-8DA9-3F6C6A1BAA52}.Release|Any CPU.ActiveCfg = Release|Any CPU
		{3EF91083-01E1-4B09-8DA9-3F6C6A1BAA52}.Release|Any CPU.Build.0 = Release|Any CPU
		{36204D79-91B5-49A0-9D19-DA6D61FC6F94}.Debug|Any CPU.ActiveCfg = Debug|Any CPU
		{36204D79-91B5-49A0-9D19-DA6D61FC6F94}.Debug|Any CPU.Build.0 = Debug|Any CPU
		{36204D79-91B5-49A0-9D19-DA6D61FC6F94}.Release|Any CPU.ActiveCfg = Release|Any CPU
		{36204D79-91B5-49A0-9D19-DA6D61FC6F94}.Release|Any CPU.Build.0 = Release|Any CPU
		{9A33E517-0DF9-4D07-908B-30422759F9F0}.Debug|Any CPU.ActiveCfg = Debug|Any CPU
		{9A33E517-0DF9-4D07-908B-30422759F9F0}.Debug|Any CPU.Build.0 = Debug|Any CPU
		{9A33E517-0DF9-4D07-908B-30422759F9F0}.Release|Any CPU.ActiveCfg = Release|Any CPU
		{9A33E517-0DF9-4D07-908B-30422759F9F0}.Release|Any CPU.Build.0 = Release|Any CPU
	EndGlobalSection
	GlobalSection(SolutionProperties) = preSolution
		HideSolutionNode = FALSE
	EndGlobalSection
	GlobalSection(ExtensibilityGlobals) = postSolution
		SolutionGuid = {C2239BEE-8E23-4CCD-BE87-C59685F8A7E2}
	EndGlobalSection
EndGlobal
